Microsoft Visual Studio Solution File, Format Version 12.00
# Visual Studio 15
VisualStudioVersion = 15.0.28307.960
MinimumVisualStudioVersion = 10.0.40219.1
Project("{F184B08F-C81C-45F6-A57F-5ABD9991F28F}") = "SqlDataSourceSnippets", "SqlDataSourceSnippets\SqlDataSourceSnippets.vbproj", "{41F3A069-6D8E-433A-B46E-7B183F202B95}"
EndProject
Project("{F184B08F-C81C-45F6-A57F-5ABD9991F28F}") = "EFDataSourceSnippets", "EFDataSourceSnippets\EFDataSourceSnippets.vbproj", "{B08ADED3-97AB-4F9F-BFA7-72A590376CA1}"
EndProject
Project("{F184B08F-C81C-45F6-A57F-5ABD9991F28F}") = "ObjectDataSourceSnippets", "ObjectDataSourceSnippets\ObjectDataSourceSnippets.vbproj", "{D4F6A64E-0A57-4A28-BEB9-CE72AEDFCFDC}"
EndProject
Project("{F184B08F-C81C-45F6-A57F-5ABD9991F28F}") = "ExcelDataSourceSnippets", "ExcelDataSourceSnippets\ExcelDataSourceSnippets.vbproj", "{F7C9B0A9-80F2-43EF-801F-0984DC2F3B53}"
EndProject
Project("{F184B08F-C81C-45F6-A57F-5ABD9991F28F}") = "JsonDataSourceSnippets", "JsonDataSourceSnippets\JsonDataSourceSnippets.vbproj", "{F81F8A52-7D4B-4871-974E-183872FAACEB}"
EndProject
Project("{F184B08F-C81C-45F6-A57F-5ABD9991F28F}") = "FederationDataSourceSnippets", "FederationDataSourceSnippets\FederationDataSourceSnippets.vbproj", "{7BA0DFB0-C4FD-4F17-AFBB-78BE20BB21C9}"
EndProject
Global
	GlobalSection(SolutionConfigurationPlatforms) = preSolution
		Debug|Any CPU = Debug|Any CPU
		Release|Any CPU = Release|Any CPU
	EndGlobalSection
	GlobalSection(ProjectConfigurationPlatforms) = postSolution
		{41F3A069-6D8E-433A-B46E-7B183F202B95}.Debug|Any CPU.ActiveCfg = Debug|Any CPU
		{41F3A069-6D8E-433A-B46E-7B183F202B95}.Debug|Any CPU.Build.0 = Debug|Any CPU
		{41F3A069-6D8E-433A-B46E-7B183F202B95}.Release|Any CPU.ActiveCfg = Release|Any CPU
		{41F3A069-6D8E-433A-B46E-7B183F202B95}.Release|Any CPU.Build.0 = Release|Any CPU
		{B08ADED3-97AB-4F9F-BFA7-72A590376CA1}.Debug|Any CPU.ActiveCfg = Debug|Any CPU
		{B08ADED3-97AB-4F9F-BFA7-72A590376CA1}.Debug|Any CPU.Build.0 = Debug|Any CPU
		{B08ADED3-97AB-4F9F-BFA7-72A590376CA1}.Release|Any CPU.ActiveCfg = Release|Any CPU
		{B08ADED3-97AB-4F9F-BFA7-72A590376CA1}.Release|Any CPU.Build.0 = Release|Any CPU
		{D4F6A64E-0A57-4A28-BEB9-CE72AEDFCFDC}.Debug|Any CPU.ActiveCfg = Debug|Any CPU
		{D4F6A64E-0A57-4A28-BEB9-CE72AEDFCFDC}.Debug|Any CPU.Build.0 = Debug|Any CPU
		{D4F6A64E-0A57-4A28-BEB9-CE72AEDFCFDC}.Release|Any CPU.ActiveCfg = Release|Any CPU
		{D4F6A64E-0A57-4A28-BEB9-CE72AEDFCFDC}.Release|Any CPU.Build.0 = Release|Any CPU
		{F7C9B0A9-80F2-43EF-801F-0984DC2F3B53}.Debug|Any CPU.ActiveCfg = Debug|Any CPU
		{F7C9B0A9-80F2-43EF-801F-0984DC2F3B53}.Debug|Any CPU.Build.0 = Debug|Any CPU
		{F7C9B0A9-80F2-43EF-801F-0984DC2F3B53}.Release|Any CPU.ActiveCfg = Release|Any CPU
		{F7C9B0A9-80F2-43EF-801F-0984DC2F3B53}.Release|Any CPU.Build.0 = Release|Any CPU
		{F81F8A52-7D4B-4871-974E-183872FAACEB}.Debug|Any CPU.ActiveCfg = Debug|Any CPU
		{F81F8A52-7D4B-4871-974E-183872FAACEB}.Debug|Any CPU.Build.0 = Debug|Any CPU
		{F81F8A52-7D4B-4871-974E-183872FAACEB}.Release|Any CPU.ActiveCfg = Release|Any CPU
		{F81F8A52-7D4B-4871-974E-183872FAACEB}.Release|Any CPU.Build.0 = Release|Any CPU
		{7BA0DFB0-C4FD-4F17-AFBB-78BE20BB21C9}.Debug|Any CPU.ActiveCfg = Debug|Any CPU
		{7BA0DFB0-C4FD-4F17-AFBB-78BE20BB21C9}.Debug|Any CPU.Build.0 = Debug|Any CPU
		{7BA0DFB0-C4FD-4F17-AFBB-78BE20BB21C9}.Release|Any CPU.ActiveCfg = Release|Any CPU
		{7BA0DFB0-C4FD-4F17-AFBB-78BE20BB21C9}.Release|Any CPU.Build.0 = Release|Any CPU
	EndGlobalSection
	GlobalSection(SolutionProperties) = preSolution
		HideSolutionNode = FALSE
	EndGlobalSection
	GlobalSection(ExtensibilityGlobals) = postSolution
		SolutionGuid = {E554AF08-3C1E-4D3C-A5F4-7631070DE73D}
	EndGlobalSection
EndGlobal
